# THIS IS AN AUTOGENERATED FILE. DO NOT EDIT THIS FILE DIRECTLY.
# yarn lockfile v1


"@babel/runtime@^7.1.2":
  version "7.8.4"
  resolved "https://registry.yarnpkg.com/@babel/runtime/-/runtime-7.8.4.tgz#d79f5a2040f7caa24d53e563aad49cbc05581308"
  integrity sha512-neAp3zt80trRVBI1x0azq6c57aNBqYZH8KhMm3TaB7wEI5Q4A2SHfBHE8w9gOhI/lrqxtEbXZgQIrHP+wvSGwQ==
  dependencies:
    regenerator-runtime "^0.13.2"

"@babel/standalone@^7.12.6":
  version "7.12.6"
  resolved "https://registry.yarnpkg.com/@babel/standalone/-/standalone-7.12.6.tgz#fa59cf6f1cea940a790179f1375394ab31f025b9"
  integrity sha512-yA/OV3jN1nhr0JsAdYWAqbeZ7cAOw/6Fh52rxVMzujr0HF4Z3cau0JBzJfQppFfR9IArrUtcqhBu/+Q/IevoyQ==

"@catalog/core@^4.0.1-canary.2":
  version "4.0.1-canary.2"
  resolved "https://registry.yarnpkg.com/@catalog/core/-/core-4.0.1-canary.2.tgz#1c1d1f92146debedd38b4be83883293cee9f188b"
  integrity sha512-tL1Bij+sEFtEe48YEJBEpb2rdBXvMzofzrAWx/AsTfW+Asc11Q5sazNGayjANA+IAmCjxHcjt0tuNHrbKlk60A==
  dependencies:
    create-emotion "^10.0.9"
    d3-color "^1.1.0"
    github-slugger "^1.1.3"
    history "^3.2.1"
    js-yaml "^3.9.1"
    marked "^0.4.0"
    prismjs "^1.14.0"
    prop-types "^15.6.0"
    raf "^3.3.2"
    ramda "^0.25.0"
    react-document-title "^2.0.3"
    react-router "^3.2.0"
    react-router-scroll "^0.4.2"
    srcset "^2.0.0"
    url "^0.11.0"

"@emotion/cache@^10.0.27":
  version "10.0.29"
  resolved "https://registry.yarnpkg.com/@emotion/cache/-/cache-10.0.29.tgz#87e7e64f412c060102d589fe7c6dc042e6f9d1e0"
  integrity sha512-fU2VtSVlHiF27empSbxi1O2JFdNWZO+2NFHfwO0pxgTep6Xa3uGb+3pVKfLww2l/IBGLNEZl5Xf/++A4wAYDYQ==
  dependencies:
    "@emotion/sheet" "0.9.4"
    "@emotion/stylis" "0.8.5"
    "@emotion/utils" "0.11.3"
    "@emotion/weak-memoize" "0.2.5"

"@emotion/hash@0.8.0":
  version "0.8.0"
  resolved "https://registry.yarnpkg.com/@emotion/hash/-/hash-0.8.0.tgz#bbbff68978fefdbe68ccb533bc8cbe1d1afb5413"
  integrity sha512-kBJtf7PH6aWwZ6fka3zQ0p6SBYzx4fl1LoZXE2RrnYST9Xljm7WfKJrU4g/Xr3Beg72MLrp1AWNUmuYJTL7Cow==

"@emotion/memoize@0.7.4":
  version "0.7.4"
  resolved "https://registry.yarnpkg.com/@emotion/memoize/-/memoize-0.7.4.tgz#19bf0f5af19149111c40d98bb0cf82119f5d9eeb"
  integrity sha512-Ja/Vfqe3HpuzRsG1oBtWTHk2PGZ7GR+2Vz5iYGelAw8dx32K0y7PjVuxK6z1nMpZOqAFsRUPCkK1YjJ56qJlgw==

"@emotion/serialize@^0.11.15":
  version "0.11.16"
  resolved "https://registry.yarnpkg.com/@emotion/serialize/-/serialize-0.11.16.tgz#dee05f9e96ad2fb25a5206b6d759b2d1ed3379ad"
  integrity sha512-G3J4o8by0VRrO+PFeSc3js2myYNOXVJ3Ya+RGVxnshRYgsvErfAOglKAiy1Eo1vhzxqtUvjCyS5gtewzkmvSSg==
  dependencies:
    "@emotion/hash" "0.8.0"
    "@emotion/memoize" "0.7.4"
    "@emotion/unitless" "0.7.5"
    "@emotion/utils" "0.11.3"
    csstype "^2.5.7"

"@emotion/sheet@0.9.4":
  version "0.9.4"
  resolved "https://registry.yarnpkg.com/@emotion/sheet/-/sheet-0.9.4.tgz#894374bea39ec30f489bbfc3438192b9774d32e5"
  integrity sha512-zM9PFmgVSqBw4zL101Q0HrBVTGmpAxFZH/pYx/cjJT5advXguvcgjHFTCaIO3enL/xr89vK2bh0Mfyj9aa0ANA==

"@emotion/stylis@0.8.5":
  version "0.8.5"
  resolved "https://registry.yarnpkg.com/@emotion/stylis/-/stylis-0.8.5.tgz#deacb389bd6ee77d1e7fcaccce9e16c5c7e78e04"
  integrity sha512-h6KtPihKFn3T9fuIrwvXXUOwlx3rfUvfZIcP5a6rh8Y7zjE3O06hT5Ss4S/YI1AYhuZ1kjaE/5EaOOI2NqSylQ==

"@emotion/unitless@0.7.5":
  version "0.7.5"
  resolved "https://registry.yarnpkg.com/@emotion/unitless/-/unitless-0.7.5.tgz#77211291c1900a700b8a78cfafda3160d76949ed"
  integrity sha512-OWORNpfjMsSSUBVrRBVGECkhWcULOAJz9ZW8uK9qgxD+87M7jHRcvh/A96XXNhXTLmKcoYSQtBEX7lHMO7YRwg==

"@emotion/utils@0.11.3":
  version "0.11.3"
  resolved "https://registry.yarnpkg.com/@emotion/utils/-/utils-0.11.3.tgz#a759863867befa7e583400d322652a3f44820924"
  integrity sha512-0o4l6pZC+hI88+bzuaX/6BgOvQVhbt2PfmxauVaYOGgbsAw14wdKyvMCZXnsnsHys94iadcF+RG/wZyx6+ZZBw==

"@emotion/weak-memoize@0.2.5":
  version "0.2.5"
  resolved "https://registry.yarnpkg.com/@emotion/weak-memoize/-/weak-memoize-0.2.5.tgz#8eed982e2ee6f7f4e44c253e12962980791efd46"
  integrity sha512-6U71C2Wp7r5XtFtQzYrW5iKFT67OixrSxjI4MptCHzdSVlgabczzqLe0ZSgnub/5Kp4hSbpDB1tMytZY9pwxxA==

argparse@^1.0.7:
  version "1.0.10"
  resolved "https://registry.yarnpkg.com/argparse/-/argparse-1.0.10.tgz#bcd6791ea5ae09725e17e5ad988134cd40b3d911"
  integrity sha512-o5Roy6tNG4SL/FOkCAN6RzjiakZS25RLYFrcMttJqbdd8BWrnA+fGz57iN5Pb06pvBGvl5gQ0B48dJlslXvoTg==
  dependencies:
    sprintf-js "~1.0.2"

asap@~2.0.3:
  version "2.0.6"
  resolved "https://registry.yarnpkg.com/asap/-/asap-2.0.6.tgz#e50347611d7e690943208bbdafebcbc2fb866d46"
  integrity sha1-5QNHYR1+aQlDIIu9r+vLwvuGbUY=

catalog@^v4.0.1-canary.1:
  version "4.0.1-canary.2"
  resolved "https://registry.yarnpkg.com/catalog/-/catalog-4.0.1-canary.2.tgz#828a20218f509df834b653f22fd29b890ecf751e"
  integrity sha512-wnVhNrSHhM8FvLMSmqqMs2WS8o+7j/GNDCEUBvA6rW0bFanQtvzjwsoq9q+mgveOA5kbHt9s5qGR8a0ax47emA==
  dependencies:
    "@catalog/core" "^4.0.1-canary.2"

clipboard@^2.0.0:
  version "2.0.6"
  resolved "https://registry.yarnpkg.com/clipboard/-/clipboard-2.0.6.tgz#52921296eec0fdf77ead1749421b21c968647376"
  integrity sha512-g5zbiixBRk/wyKakSwCKd7vQXDjFnAMGHoEyBogG/bw9kTD9GvdAvaoRR1ALcEzt3pVKxZR0pViekPMIS0QyGg==
  dependencies:
    good-listener "^1.2.2"
    select "^1.1.2"
    tiny-emitter "^2.0.0"

core-js@^1.0.0:
  version "1.2.7"
  resolved "https://registry.yarnpkg.com/core-js/-/core-js-1.2.7.tgz#652294c14651db28fa93bd2d5ff2983a4f08c636"
  integrity sha1-ZSKUwUZR2yj6k70tX/KYOk8IxjY=

create-emotion@^10.0.9:
  version "10.0.27"
  resolved "https://registry.yarnpkg.com/create-emotion/-/create-emotion-10.0.27.tgz#cb4fa2db750f6ca6f9a001a33fbf1f6c46789503"
  integrity sha512-fIK73w82HPPn/RsAij7+Zt8eCE8SptcJ3WoRMfxMtjteYxud8GDTKKld7MYwAX2TVhrw29uR1N/bVGxeStHILg==
  dependencies:
    "@emotion/cache" "^10.0.27"
    "@emotion/serialize" "^0.11.15"
    "@emotion/sheet" "0.9.4"
    "@emotion/utils" "0.11.3"

create-react-class@^15.5.1:
  version "15.6.3"
  resolved "https://registry.yarnpkg.com/create-react-class/-/create-react-class-15.6.3.tgz#2d73237fb3f970ae6ebe011a9e66f46dbca80036"
  integrity sha512-M+/3Q6E6DLO6Yx3OwrWjwHBnvfXXYA7W+dFjt/ZDBemHO1DDZhsalX/NUtnTYclN6GfnBDRh4qRHjcDHmlJBJg==
  dependencies:
    fbjs "^0.8.9"
    loose-envify "^1.3.1"
    object-assign "^4.1.1"

csstype@^2.5.7:
  version "2.6.14"
  resolved "https://registry.yarnpkg.com/csstype/-/csstype-2.6.14.tgz#004822a4050345b55ad4dcc00be1d9cf2f4296de"
  integrity sha512-2mSc+VEpGPblzAxyeR+vZhJKgYg0Og0nnRi7pmRXFYYxSfnOnW8A5wwQb4n4cE2nIOzqKOAzLCaEX6aBmNEv8A==

d3-color@^1.1.0:
  version "1.4.0"
  resolved "https://registry.yarnpkg.com/d3-color/-/d3-color-1.4.0.tgz#89c45a995ed773b13314f06460df26d60ba0ecaf"
  integrity sha512-TzNPeJy2+iEepfiL92LAAB7fvnp/dV2YwANPVHdDWmYMm23qIJBYww3qT8I8C1wXrmrg4UWs7BKc2tKIgyjzHg==

delegate@^3.1.2:
  version "3.2.0"
  resolved "https://registry.yarnpkg.com/delegate/-/delegate-3.2.0.tgz#b66b71c3158522e8ab5744f720d8ca0c2af59166"
  integrity sha512-IofjkYBZaZivn0V8nnsMJGBr4jVLxHDheKSW88PyxS5QC4Vo9ZbZVvhzlSxY87fVq3STR6r+4cGepyHkcWOQSw==

dom-helpers@^3.4.0:
  version "3.4.0"
  resolved "https://registry.yarnpkg.com/dom-helpers/-/dom-helpers-3.4.0.tgz#e9b369700f959f62ecde5a6babde4bccd9169af8"
  integrity sha512-LnuPJ+dwqKDIyotW1VzmOZ5TONUN7CwkCR5hrgawTUbkBGYdeoNLZo6nNfGkCrjtE1nXXaj7iMMpDa8/d9WoIA==
  dependencies:
    "@babel/runtime" "^7.1.2"

"emoji-regex@>=6.0.0 <=6.1.1":
  version "6.1.1"
  resolved "https://registry.yarnpkg.com/emoji-regex/-/emoji-regex-6.1.1.tgz#c6cd0ec1b0642e2a3c67a1137efc5e796da4f88e"
  integrity sha1-xs0OwbBkLio8Z6ETfvxeeW2k+I4=

encoding@^0.1.11:
  version "0.1.12"
  resolved "https://registry.yarnpkg.com/encoding/-/encoding-0.1.12.tgz#538b66f3ee62cd1ab51ec323829d1f9480c74beb"
  integrity sha1-U4tm8+5izRq1HsMjgp0flIDHS+s=
  dependencies:
    iconv-lite "~0.4.13"

esprima@^4.0.0:
  version "4.0.1"
  resolved "https://registry.yarnpkg.com/esprima/-/esprima-4.0.1.tgz#13b04cdb3e6c5d19df91ab6987a8695619b0aa71"
  integrity sha512-eGuFFw7Upda+g4p+QHvnW0RyTX/SVeJBDM/gCtMARO0cLuT2HcEKnTPvhjV6aGeqrCB/sbNop0Kszm0jsaWU4A==

fbjs@^0.8.9:
  version "0.8.17"
  resolved "https://registry.yarnpkg.com/fbjs/-/fbjs-0.8.17.tgz#c4d598ead6949112653d6588b01a5cdcd9f90fdd"
  integrity sha1-xNWY6taUkRJlPWWIsBpc3Nn5D90=
  dependencies:
    core-js "^1.0.0"
    isomorphic-fetch "^2.1.1"
    loose-envify "^1.0.0"
    object-assign "^4.1.0"
    promise "^7.1.1"
    setimmediate "^1.0.5"
    ua-parser-js "^0.7.18"

github-slugger@^1.1.3:
  version "1.2.1"
  resolved "https://registry.yarnpkg.com/github-slugger/-/github-slugger-1.2.1.tgz#47e904e70bf2dccd0014748142d31126cfd49508"
  integrity sha512-SsZUjg/P03KPzQBt7OxJPasGw6NRO5uOgiZ5RGXVud5iSIZ0eNZeNp5rTwCxtavrRUa/A77j8mePVc5lEvk0KQ==
  dependencies:
    emoji-regex ">=6.0.0 <=6.1.1"

good-listener@^1.2.2:
  version "1.2.2"
  resolved "https://registry.yarnpkg.com/good-listener/-/good-listener-1.2.2.tgz#d53b30cdf9313dffb7dc9a0d477096aa6d145c50"
  integrity sha1-1TswzfkxPf+33JoNR3CWqm0UXFA=
  dependencies:
    delegate "^3.1.2"

history@^3.0.0, history@^3.2.1:
  version "3.3.0"
  resolved "https://registry.yarnpkg.com/history/-/history-3.3.0.tgz#fcedcce8f12975371545d735461033579a6dae9c"
  integrity sha1-/O3M6PEpdTcVRdc1RhAzV5ptrpw=
  dependencies:
    invariant "^2.2.1"
    loose-envify "^1.2.0"
    query-string "^4.2.2"
    warning "^3.0.0"

hoist-non-react-statics@^2.3.1:
  version "2.5.5"
  resolved "https://registry.yarnpkg.com/hoist-non-react-statics/-/hoist-non-react-statics-2.5.5.tgz#c5903cf409c0dfd908f388e619d86b9c1174cb47"
  integrity sha512-rqcy4pJo55FTTLWt+bU8ukscqHeE/e9KWvsOW2b/a3afxQZhwkQdT1rPPCJ0rYXdj4vNcasY8zHTH+jF/qStxw==

iconv-lite@~0.4.13:
  version "0.4.24"
  resolved "https://registry.yarnpkg.com/iconv-lite/-/iconv-lite-0.4.24.tgz#2022b4b25fbddc21d2f524974a474aafe733908b"
  integrity sha512-v3MXnZAcvnywkTUEZomIActle7RXXeedOR31wwl7VlyoXO4Qi9arvSenNQWne1TcRwhCL1HwLI21bEqdpj8/rA==
  dependencies:
    safer-buffer ">= 2.1.2 < 3"

invariant@^2.2.1, invariant@^2.2.4:
  version "2.2.4"
  resolved "https://registry.yarnpkg.com/invariant/-/invariant-2.2.4.tgz#610f3c92c9359ce1db616e538008d23ff35158e6"
  integrity sha512-phJfQVBuaJM5raOpJjSfkiD6BpbCE4Ns//LaXl6wGYtUBY83nWS6Rf9tXm2e8VaK60JEjYldbPif/A2B1C2gNA==
  dependencies:
    loose-envify "^1.0.0"

is-stream@^1.0.1:
  version "1.1.0"
  resolved "https://registry.yarnpkg.com/is-stream/-/is-stream-1.1.0.tgz#12d4a3dd4e68e0b79ceb8dbc84173ae80d91ca44"
  integrity sha1-EtSj3U5o4Lec6428hBc66A2RykQ=

isomorphic-fetch@^2.1.1:
  version "2.2.1"
  resolved "https://registry.yarnpkg.com/isomorphic-fetch/-/isomorphic-fetch-2.2.1.tgz#611ae1acf14f5e81f729507472819fe9733558a9"
  integrity sha1-YRrhrPFPXoH3KVB0coGf6XM1WKk=
  dependencies:
    node-fetch "^1.0.1"
    whatwg-fetch ">=0.10.0"

"js-tokens@^3.0.0 || ^4.0.0":
  version "4.0.0"
  resolved "https://registry.yarnpkg.com/js-tokens/-/js-tokens-4.0.0.tgz#19203fb59991df98e3a287050d4647cdeaf32499"
  integrity sha512-RdJUflcE3cUzKiMqQgsCu06FPu9UdIJO0beYbPhHN4k6apgJtifcoCtT9bcxOpYBtpD2kCM6Sbzg4CausW/PKQ==

js-yaml@^3.9.1:
  version "3.13.1"
  resolved "https://registry.yarnpkg.com/js-yaml/-/js-yaml-3.13.1.tgz#aff151b30bfdfa8e49e05da22e7415e9dfa37847"
  integrity sha512-YfbcO7jXDdyj0DGxYVSlSeQNHbD7XPWvrVWeVUujrQEoZzWJIRrCPoyk6kL6IAjAG2IolMK4T0hNUe0HOUs5Jw==
  dependencies:
    argparse "^1.0.7"
    esprima "^4.0.0"

loose-envify@^1.0.0, loose-envify@^1.1.0, loose-envify@^1.2.0, loose-envify@^1.3.1, loose-envify@^1.4.0:
  version "1.4.0"
  resolved "https://registry.yarnpkg.com/loose-envify/-/loose-envify-1.4.0.tgz#71ee51fa7be4caec1a63839f7e682d8132d30caf"
  integrity sha512-lyuxPGr/Wfhrlem2CL/UcnUc1zcqKAImBDzukY7Y5F/yQiNdko6+fRLevlw1HgMySw7f611UIY408EtxRSoK3Q==
  dependencies:
    js-tokens "^3.0.0 || ^4.0.0"

marked@^0.4.0:
  version "0.4.0"
  resolved "https://registry.yarnpkg.com/marked/-/marked-0.4.0.tgz#9ad2c2a7a1791f10a852e0112f77b571dce10c66"
  integrity sha512-tMsdNBgOsrUophCAFQl0XPe6Zqk/uy9gnue+jIIKhykO51hxyu6uNx7zBPy0+y/WKYVZZMspV9YeXLNdKk+iYw==

node-fetch@^1.0.1:
  version "1.7.3"
  resolved "https://registry.yarnpkg.com/node-fetch/-/node-fetch-1.7.3.tgz#980f6f72d85211a5347c6b2bc18c5b84c3eb47ef"
  integrity sha512-NhZ4CsKx7cYm2vSrBAr2PvFOe6sWDf0UYLRqA6svUYg7+/TSfVAu49jYC4BvQ4Sms9SZgdqGBgroqfDhJdTyKQ==
  dependencies:
    encoding "^0.1.11"
    is-stream "^1.0.1"

object-assign@^4.1.0, object-assign@^4.1.1:
  version "4.1.1"
  resolved "https://registry.yarnpkg.com/object-assign/-/object-assign-4.1.1.tgz#2109adc7965887cfc05cbbd442cac8bfbb360863"
  integrity sha1-IQmtx5ZYh8/AXLvUQsrIv7s2CGM=

performance-now@^2.1.0:
  version "2.1.0"
  resolved "https://registry.yarnpkg.com/performance-now/-/performance-now-2.1.0.tgz#6309f4e0e5fa913ec1c69307ae364b4b377c9e7b"
  integrity sha1-Ywn04OX6kT7BxpMHrjZLSzd8nns=

prismjs@^1.14.0:
  version "1.22.0"
  resolved "https://registry.yarnpkg.com/prismjs/-/prismjs-1.22.0.tgz#73c3400afc58a823dd7eed023f8e1ce9fd8977fa"
  integrity sha512-lLJ/Wt9yy0AiSYBf212kK3mM5L8ycwlyTlSxHBAneXLR0nzFMlZ5y7riFPF3E33zXOF2IH95xdY5jIyZbM9z/w==
  optionalDependencies:
    clipboard "^2.0.0"

promise@^7.1.1:
  version "7.3.1"
  resolved "https://registry.yarnpkg.com/promise/-/promise-7.3.1.tgz#064b72602b18f90f29192b8b1bc418ffd1ebd3bf"
  integrity sha512-nolQXZ/4L+bP/UGlkfaIujX9BKxGwmQ9OT4mOt5yvy8iK1h3wqTEJCijzGANTCCl9nWjY41juyAn2K3Q1hLLTg==
  dependencies:
    asap "~2.0.3"

prop-types@^15.5.6, prop-types@^15.6.0, prop-types@^15.7.2:
  version "15.7.2"
  resolved "https://registry.yarnpkg.com/prop-types/-/prop-types-15.7.2.tgz#52c41e75b8c87e72b9d9360e0206b99dcbffa6c5"
  integrity sha512-8QQikdH7//R2vurIJSutZ1smHYTcLpRWEOlHnzcWHmBYrOGUysKwSsrC89BCiFj3CbrfJ/nXFdJepOVrY1GCHQ==
  dependencies:
    loose-envify "^1.4.0"
    object-assign "^4.1.1"
    react-is "^16.8.1"

punycode@1.3.2:
  version "1.3.2"
  resolved "https://registry.yarnpkg.com/punycode/-/punycode-1.3.2.tgz#9653a036fb7c1ee42342f2325cceefea3926c48d"
  integrity sha1-llOgNvt8HuQjQvIyXM7v6jkmxI0=

query-string@^4.2.2:
  version "4.3.4"
  resolved "https://registry.yarnpkg.com/query-string/-/query-string-4.3.4.tgz#bbb693b9ca915c232515b228b1a02b609043dbeb"
  integrity sha1-u7aTucqRXCMlFbIosaArYJBD2+s=
  dependencies:
    object-assign "^4.1.0"
    strict-uri-encode "^1.0.0"

querystring@0.2.0:
  version "0.2.0"
  resolved "https://registry.yarnpkg.com/querystring/-/querystring-0.2.0.tgz#b209849203bb25df820da756e747005878521620"
  integrity sha1-sgmEkgO7Jd+CDadW50cAWHhSFiA=

raf@^3.3.2:
  version "3.4.1"
  resolved "https://registry.yarnpkg.com/raf/-/raf-3.4.1.tgz#0742e99a4a6552f445d73e3ee0328af0ff1ede39"
  integrity sha512-Sq4CW4QhwOHE8ucn6J34MqtZCeWFP2aQSmrlroYgqAV1PjStIhJXxYuTgUIfkEk7zTLjmIjLmU5q+fbD1NnOJA==
  dependencies:
    performance-now "^2.1.0"

ramda@^0.25.0:
  version "0.25.0"
  resolved "https://registry.yarnpkg.com/ramda/-/ramda-0.25.0.tgz#8fdf68231cffa90bc2f9460390a0cb74a29b29a9"
  integrity sha512-GXpfrYVPwx3K7RQ6aYT8KPS8XViSXUVJT1ONhoKPE9VAleW42YE+U+8VEyGWt41EnEQW7gwecYJriTI0pKoecQ==

react-document-title@^2.0.3:
  version "2.0.3"
  resolved "https://registry.yarnpkg.com/react-document-title/-/react-document-title-2.0.3.tgz#bbf922a0d71412fc948245e4283b2412df70f2b9"
  integrity sha1-u/kioNcUEvyUgkXkKDskEt9w8rk=
  dependencies:
    prop-types "^15.5.6"
    react-side-effect "^1.0.2"

react-dom@^17.0.1:
  version "17.0.1"
  resolved "https://registry.yarnpkg.com/react-dom/-/react-dom-17.0.1.tgz#1de2560474ec9f0e334285662ede52dbc5426fc6"
  integrity sha512-6eV150oJZ9U2t9svnsspTMrWNyHc6chX0KzDeAOXftRa8bNeOKTTfCJ7KorIwenkHd2xqVTBTCZd79yk/lx/Ug==
  dependencies:
    loose-envify "^1.1.0"
    object-assign "^4.1.1"
    scheduler "^0.20.1"

react-is@^16.8.1, react-is@^16.8.6:
  version "16.12.0"
  resolved "https://registry.yarnpkg.com/react-is/-/react-is-16.12.0.tgz#2cc0fe0fba742d97fd527c42a13bec4eeb06241c"
  integrity sha512-rPCkf/mWBtKc97aLL9/txD8DZdemK0vkA3JMLShjlJB3Pj3s+lpf1KaBzMfQrAmhMQB0n1cU/SUGgKKBCe837Q==

react-router-scroll@^0.4.2:
  version "0.4.4"
  resolved "https://registry.yarnpkg.com/react-router-scroll/-/react-router-scroll-0.4.4.tgz#4d7b71c75b45ff296e4adca1e029a86e898a155d"
  integrity sha512-FR+kyNmRrNqhRbMHDFSgFPVrOy923AdJZE0Qqefub5u56+5d7EENLy4DOrCZVr2fTHsJjWJDE0X1vU063t4bOA==
  dependencies:
    prop-types "^15.6.0"
    scroll-behavior "^0.9.5"
    warning "^3.0.0"

react-router@^3.2.0:
  version "3.2.5"
  resolved "https://registry.yarnpkg.com/react-router/-/react-router-3.2.5.tgz#6f5ce8f4f0b4ff6a6b2fc6106d7619e342fb57be"
  integrity sha512-0/edMhPfOLRZ5IT3y6UkCpW7a13WrnGMR75ayAh2ZLynujEJOSptJt856GKnoCMW+7rk0/WYGUp/QaZNS9dTKg==
  dependencies:
    create-react-class "^15.5.1"
    history "^3.0.0"
    hoist-non-react-statics "^2.3.1"
    invariant "^2.2.1"
    loose-envify "^1.2.0"
    prop-types "^15.7.2"
    react-is "^16.8.6"
    warning "^3.0.0"

react-side-effect@^1.0.2:
  version "1.2.0"
  resolved "https://registry.yarnpkg.com/react-side-effect/-/react-side-effect-1.2.0.tgz#0e940c78faba0c73b9b0eba9cd3dda8dfb7e7dae"
  integrity sha512-v1ht1aHg5k/thv56DRcjw+WtojuuDHFUgGfc+bFHOWsF4ZK6C2V57DO0Or0GPsg6+LSTE0M6Ry/gfzhzSwbc5w==
  dependencies:
    shallowequal "^1.0.1"

react@^17.0.1:
  version "17.0.1"
  resolved "https://registry.yarnpkg.com/react/-/react-17.0.1.tgz#6e0600416bd57574e3f86d92edba3d9008726127"
  integrity sha512-lG9c9UuMHdcAexXtigOZLX8exLWkW0Ku29qPRU8uhF2R9BN96dLCt0psvzPLlHc5OWkgymP3qwTRgbnw5BKx3w==
  dependencies:
    loose-envify "^1.1.0"
    object-assign "^4.1.1"

regenerator-runtime@^0.13.2:
  version "0.13.3"
  resolved "https://registry.yarnpkg.com/regenerator-runtime/-/regenerator-runtime-0.13.3.tgz#7cf6a77d8f5c6f60eb73c5fc1955b2ceb01e6bf5"
  integrity sha512-naKIZz2GQ8JWh///G7L3X6LaQUAMp2lvb1rvwwsURe/VXwD6VMfr+/1NuNw3ag8v2kY1aQ/go5SNn79O9JU7yw==

"safer-buffer@>= 2.1.2 < 3":
  version "2.1.2"
  resolved "https://registry.yarnpkg.com/safer-buffer/-/safer-buffer-2.1.2.tgz#44fa161b0187b9549dd84bb91802f9bd8385cd6a"
  integrity sha512-YZo3K82SD7Riyi0E1EQPojLz7kpepnSQI9IyPbHHg1XXXevb5dJI7tpyN2ADxGcQbHG7vcyRHk0cbwqcQriUtg==

scheduler@^0.20.1:
  version "0.20.1"
  resolved "https://registry.yarnpkg.com/scheduler/-/scheduler-0.20.1.tgz#da0b907e24026b01181ecbc75efdc7f27b5a000c"
  integrity sha512-LKTe+2xNJBNxu/QhHvDR14wUXHRQbVY5ZOYpOGWRzhydZUqrLb2JBvLPY7cAqFmqrWuDED0Mjk7013SZiOz6Bw==
  dependencies:
    loose-envify "^1.1.0"
    object-assign "^4.1.1"

scroll-behavior@^0.9.5:
  version "0.9.11"
  resolved "https://registry.yarnpkg.com/scroll-behavior/-/scroll-behavior-0.9.11.tgz#f7b34380c038062bdcbd604c90e1d313220f7f3c"
  integrity sha512-Eo32cg2uFiQwEiJXHHoTfXLybTlyA1O3ZOIiTz8EqRWie+ExL+7l8PcejhKT+5QmRtykXSlsTRVDC3BVB3S/bg==
  dependencies:
    dom-helpers "^3.4.0"
    invariant "^2.2.4"

select@^1.1.2:
  version "1.1.2"
  resolved "https://registry.yarnpkg.com/select/-/select-1.1.2.tgz#0e7350acdec80b1108528786ec1d4418d11b396d"
  integrity sha1-DnNQrN7ICxEIUoeG7B1EGNEbOW0=

setimmediate@^1.0.5:
  version "1.0.5"
  resolved "https://registry.yarnpkg.com/setimmediate/-/setimmediate-1.0.5.tgz#290cbb232e306942d7d7ea9b83732ab7856f8285"
  integrity sha1-KQy7Iy4waULX1+qbg3Mqt4VvgoU=

shallowequal@^1.0.1:
  version "1.1.0"
  resolved "https://registry.yarnpkg.com/shallowequal/-/shallowequal-1.1.0.tgz#188d521de95b9087404fd4dcb68b13df0ae4e7f8"
  integrity sha512-y0m1JoUZSlPAjXVtPPW70aZWfIL/dSP7AFkRnniLCrK/8MDKog3TySTBmckD+RObVxH0v4Tox67+F14PdED2oQ==

sprintf-js@~1.0.2:
  version "1.0.3"
  resolved "https://registry.yarnpkg.com/sprintf-js/-/sprintf-js-1.0.3.tgz#04e6926f662895354f3dd015203633b857297e2c"
  integrity sha1-BOaSb2YolTVPPdAVIDYzuFcpfiw=

srcset@^2.0.0:
  version "2.0.1"
  resolved "https://registry.yarnpkg.com/srcset/-/srcset-2.0.1.tgz#8f842d357487eb797f413d9c309de7a5149df5ac"
  integrity sha512-00kZI87TdRKwt+P8jj8UZxbfp7mK2ufxcIMWvhAOZNJTRROimpHeruWrGvCZneiuVDLqdyHefVp748ECTnyUBQ==

strict-uri-encode@^1.0.0:
  version "1.1.0"
  resolved "https://registry.yarnpkg.com/strict-uri-encode/-/strict-uri-encode-1.1.0.tgz#279b225df1d582b1f54e65addd4352e18faa0713"
  integrity sha1-J5siXfHVgrH1TmWt3UNS4Y+qBxM=

tiny-emitter@^2.0.0:
  version "2.1.0"
  resolved "https://registry.yarnpkg.com/tiny-emitter/-/tiny-emitter-2.1.0.tgz#1d1a56edfc51c43e863cbb5382a72330e3555423"
  integrity sha512-NB6Dk1A9xgQPMoGqC5CVXn123gWyte215ONT5Pp5a0yt4nlEoO1ZWeCwpncaekPHXO60i47ihFnZPiRPjRMq4Q==

ua-parser-js@^0.7.18:
  version "0.7.21"
  resolved "https://registry.yarnpkg.com/ua-parser-js/-/ua-parser-js-0.7.21.tgz#853cf9ce93f642f67174273cc34565ae6f308777"
  integrity sha512-+O8/qh/Qj8CgC6eYBVBykMrNtp5Gebn4dlGD/kKXVkJNDwyrAwSIqwz8CDf+tsAIWVycKcku6gIXJ0qwx/ZXaQ==

url@^0.11.0:
  version "0.11.0"
  resolved "https://registry.yarnpkg.com/url/-/url-0.11.0.tgz#3838e97cfc60521eb73c525a8e55bfdd9e2e28f1"
  integrity sha1-ODjpfPxgUh63PFJajlW/3Z4uKPE=
  dependencies:
    punycode "1.3.2"
    querystring "0.2.0"

warning@^3.0.0:
  version "3.0.0"
  resolved "https://registry.yarnpkg.com/warning/-/warning-3.0.0.tgz#32e5377cb572de4ab04753bdf8821c01ed605b7c"
  integrity sha1-MuU3fLVy3kqwR1O9+IIcAe1gW3w=
  dependencies:
    loose-envify "^1.0.0"

whatwg-fetch@>=0.10.0:
  version "3.0.0"
  resolved "https://registry.yarnpkg.com/whatwg-fetch/-/whatwg-fetch-3.0.0.tgz#fc804e458cc460009b1a2b966bc8817d2578aefb"
  integrity sha512-9GSJUgz1D4MfyKU7KRqwOjXCXTqWdFNvEr7eUBYchQiVc744mqK/MzXPNR2WsPkmkOa4ywfg8C2n8h+13Bey1Q==
